[{<<"b64">>,
  {git,"https://github.com/exograd/erl-b64.git",
       {ref,"4e1336b4448add6885310719b412303651ab7dbd"}},
  0},
 {<<"json">>,
  {git,"https://github.com/galdor/erl-json.git",
       {ref,"6549a08a4ece8ed2fc2d8857cfe722546be5fec8"}},
  0},
 {<<"uri">>,
  {git,"https://github.com/galdor/erl-uri.git",
       {ref,"aa029e922fa5ad08c0fa9f37968317916a0443b9"}},
  0}].
